// !$*UTF8*$!
{
	archiveVersion = 1;
	classes = {
	};
	objectVersion = 55;
	objects = {

/* Begin PBXBuildFile section */
		BE350A6B2800690500BE9762 /* HomeViewController.swift in Sources */ = {isa = PBXBuildFile; fileRef = BE350A692800690500BE9762 /* HomeViewController.swift */; };
		BE350A6C2800690500BE9762 /* HomeViewController.xib in Resources */ = {isa = PBXBuildFile; fileRef = BE350A6A2800690500BE9762 /* HomeViewController.xib */; };
		BE7BFCBC280061BA004CD3BA /* AppDelegate.swift in Sources */ = {isa = PBXBuildFile; fileRef = BE7BFCBB280061BA004CD3BA /* AppDelegate.swift */; };
		BE7BFCC0280061BA004CD3BA /* CodeWarsTask.swift in Sources */ = {isa = PBXBuildFile; fileRef = BE7BFCBF280061BA004CD3BA /* CodeWarsTask.swift */; };
		BE7BFCC6280061BA004CD3BA /* CodeWarsTesting.xcdatamodeld in Sources */ = {isa = PBXBuildFile; fileRef = BE7BFCC4280061BA004CD3BA /* CodeWarsTesting.xcdatamodeld */; };
		BE7BFCC8280061BC004CD3BA /* Assets.xcassets in Resources */ = {isa = PBXBuildFile; fileRef = BE7BFCC7280061BC004CD3BA /* Assets.xcassets */; };
		BE7BFCCB280061BC004CD3BA /* LaunchScreen.storyboard in Resources */ = {isa = PBXBuildFile; fileRef = BE7BFCC9280061BC004CD3BA /* LaunchScreen.storyboard */; };
		BE7BFCD6280061BD004CD3BA /* CodeWarsUnitTests.swift in Sources */ = {isa = PBXBuildFile; fileRef = BE7BFCD5280061BD004CD3BA /* CodeWarsUnitTests.swift */; };
		BE7BFCE0280061BD004CD3BA /* CodeWarsTestingUITests.swift in Sources */ = {isa = PBXBuildFile; fileRef = BE7BFCDF280061BD004CD3BA /* CodeWarsTestingUITests.swift */; };
		BE7BFCE2280061BD004CD3BA /* CodeWarsTestingUITestsLaunchTests.swift in Sources */ = {isa = PBXBuildFile; fileRef = BE7BFCE1280061BD004CD3BA /* CodeWarsTestingUITestsLaunchTests.swift */; };
		BEFCE5C32803C458000F19F4 /* Result+CoreDataClass.swift in Sources */ = {isa = PBXBuildFile; fileRef = BEFCE5C12803C458000F19F4 /* Result+CoreDataClass.swift */; };
		BEFCE5C42803C458000F19F4 /* Result+CoreDataProperties.swift in Sources */ = {isa = PBXBuildFile; fileRef = BEFCE5C22803C458000F19F4 /* Result+CoreDataProperties.swift */; };
		BEFCE5C92803D10C000F19F4 /* ResultCoreDataManager.swift in Sources */ = {isa = PBXBuildFile; fileRef = BEFCE5C82803D10C000F19F4 /* ResultCoreDataManager.swift */; };
		BEFCE5CB28048A9E000F19F4 /* CoreDataIntegrationTests.swift in Sources */ = {isa = PBXBuildFile; fileRef = BEFCE5CA28048A9E000F19F4 /* CoreDataIntegrationTests.swift */; };
		BEFCE5CD28048D74000F19F4 /* CoreDataMainManager.swift in Sources */ = {isa = PBXBuildFile; fileRef = BEFCE5CC28048D74000F19F4 /* CoreDataMainManager.swift */; };
		BEFCE5D42804A882000F19F4 /* CoreDataTestStack.swift in Sources */ = {isa = PBXBuildFile; fileRef = BEFCE5D32804A882000F19F4 /* CoreDataTestStack.swift */; };
/* End PBXBuildFile section */

/* Begin PBXContainerItemProxy section */
		BE7BFCD2280061BD004CD3BA /* PBXContainerItemProxy */ = {
			isa = PBXContainerItemProxy;
			containerPortal = BE7BFCB0280061BA004CD3BA /* Project object */;
			proxyType = 1;
			remoteGlobalIDString = BE7BFCB7280061BA004CD3BA;
			remoteInfo = CodeWarsTesting;
		};
		BE7BFCDC280061BD004CD3BA /* PBXContainerItemProxy */ = {
			isa = PBXContainerItemProxy;
			containerPortal = BE7BFCB0280061BA004CD3BA /* Project object */;
			proxyType = 1;
			remoteGlobalIDString = BE7BFCB7280061BA004CD3BA;
			remoteInfo = CodeWarsTesting;
		};
/* End PBXContainerItemProxy section */

/* Begin PBXFileReference section */
		BE350A692800690500BE9762 /* HomeViewController.swift */ = {isa = PBXFileReference; lastKnownFileType = sourcecode.swift; path = HomeViewController.swift; sourceTree = "<group>"; };
		BE350A6A2800690500BE9762 /* HomeViewController.xib */ = {isa = PBXFileReference; lastKnownFileType = file.xib; path = HomeViewController.xib; sourceTree = "<group>"; };
		BE7BFCB8280061BA004CD3BA /* CodeWarsTesting.app */ = {isa = PBXFileReference; explicitFileType = wrapper.application; includeInIndex = 0; path = CodeWarsTesting.app; sourceTree = BUILT_PRODUCTS_DIR; };
		BE7BFCBB280061BA004CD3BA /* AppDelegate.swift */ = {isa = PBXFileReference; lastKnownFileType = sourcecode.swift; path = AppDelegate.swift; sourceTree = "<group>"; };
		BE7BFCBF280061BA004CD3BA /* CodeWarsTask.swift */ = {isa = PBXFileReference; lastKnownFileType = sourcecode.swift; path = CodeWarsTask.swift; sourceTree = "<group>"; };
		BE7BFCC5280061BA004CD3BA /* CodeWarsTesting.xcdatamodel */ = {isa = PBXFileReference; lastKnownFileType = wrapper.xcdatamodel; path = CodeWarsTesting.xcdatamodel; sourceTree = "<group>"; };
		BE7BFCC7280061BC004CD3BA /* Assets.xcassets */ = {isa = PBXFileReference; lastKnownFileType = folder.assetcatalog; path = Assets.xcassets; sourceTree = "<group>"; };
		BE7BFCCA280061BC004CD3BA /* Base */ = {isa = PBXFileReference; lastKnownFileType = file.storyboard; name = Base; path = Base.lproj/LaunchScreen.storyboard; sourceTree = "<group>"; };
		BE7BFCCC280061BC004CD3BA /* Info.plist */ = {isa = PBXFileReference; lastKnownFileType = text.plist.xml; path = Info.plist; sourceTree = "<group>"; };
		BE7BFCD1280061BD004CD3BA /* CodeWarsTestingTests.xctest */ = {isa = PBXFileReference; explicitFileType = wrapper.cfbundle; includeInIndex = 0; path = CodeWarsTestingTests.xctest; sourceTree = BUILT_PRODUCTS_DIR; };
		BE7BFCD5280061BD004CD3BA /* CodeWarsUnitTests.swift */ = {isa = PBXFileReference; lastKnownFileType = sourcecode.swift; path = CodeWarsUnitTests.swift; sourceTree = "<group>"; };
		BE7BFCDB280061BD004CD3BA /* CodeWarsTestingUITests.xctest */ = {isa = PBXFileReference; explicitFileType = wrapper.cfbundle; includeInIndex = 0; path = CodeWarsTestingUITests.xctest; sourceTree = BUILT_PRODUCTS_DIR; };
		BE7BFCDF280061BD004CD3BA /* CodeWarsTestingUITests.swift */ = {isa = PBXFileReference; lastKnownFileType = sourcecode.swift; path = CodeWarsTestingUITests.swift; sourceTree = "<group>"; };
		BE7BFCE1280061BD004CD3BA /* CodeWarsTestingUITestsLaunchTests.swift */ = {isa = PBXFileReference; lastKnownFileType = sourcecode.swift; path = CodeWarsTestingUITestsLaunchTests.swift; sourceTree = "<group>"; };
		BEFCE5C12803C458000F19F4 /* Result+CoreDataClass.swift */ = {isa = PBXFileReference; lastKnownFileType = sourcecode.swift; path = "Result+CoreDataClass.swift"; sourceTree = "<group>"; };
		BEFCE5C22803C458000F19F4 /* Result+CoreDataProperties.swift */ = {isa = PBXFileReference; lastKnownFileType = sourcecode.swift; path = "Result+CoreDataProperties.swift"; sourceTree = "<group>"; };
		BEFCE5C82803D10C000F19F4 /* ResultCoreDataManager.swift */ = {isa = PBXFileReference; lastKnownFileType = sourcecode.swift; path = ResultCoreDataManager.swift; sourceTree = "<group>"; };
		BEFCE5CA28048A9E000F19F4 /* CoreDataIntegrationTests.swift */ = {isa = PBXFileReference; lastKnownFileType = sourcecode.swift; path = CoreDataIntegrationTests.swift; sourceTree = "<group>"; };
		BEFCE5CC28048D74000F19F4 /* CoreDataMainManager.swift */ = {isa = PBXFileReference; lastKnownFileType = sourcecode.swift; path = CoreDataMainManager.swift; sourceTree = "<group>"; };
		BEFCE5D32804A882000F19F4 /* CoreDataTestStack.swift */ = {isa = PBXFileReference; lastKnownFileType = sourcecode.swift; path = CoreDataTestStack.swift; sourceTree = "<group>"; };
/* End PBXFileReference section */

/* Begin PBXFrameworksBuildPhase section */
		BE7BFCB5280061BA004CD3BA /* Frameworks */ = {
			isa = PBXFrameworksBuildPhase;
			buildActionMask = 2147483647;
			files = (
			);
			runOnlyForDeploymentPostprocessing = 0;
		};
		BE7BFCCE280061BD004CD3BA /* Frameworks */ = {
			isa = PBXFrameworksBuildPhase;
			buildActionMask = 2147483647;
			files = (
			);
			runOnlyForDeploymentPostprocessing = 0;
		};
		BE7BFCD8280061BD004CD3BA /* Frameworks */ = {
			isa = PBXFrameworksBuildPhase;
			buildActionMask = 2147483647;
			files = (
			);
			runOnlyForDeploymentPostprocessing = 0;
		};
/* End PBXFrameworksBuildPhase section */

/* Begin PBXGroup section */
		BE7BFCAF280061BA004CD3BA = {
			isa = PBXGroup;
			children = (
				BE7BFCBA280061BA004CD3BA /* CodeWarsTesting */,
				BE7BFCD4280061BD004CD3BA /* CodeWarsTestingTests */,
				BE7BFCDE280061BD004CD3BA /* CodeWarsTestingUITests */,
				BE7BFCB9280061BA004CD3BA /* Products */,
			);
			sourceTree = "<group>";
		};
		BE7BFCB9280061BA004CD3BA /* Products */ = {
			isa = PBXGroup;
			children = (
				BE7BFCB8280061BA004CD3BA /* CodeWarsTesting.app */,
				BE7BFCD1280061BD004CD3BA /* CodeWarsTestingTests.xctest */,
				BE7BFCDB280061BD004CD3BA /* CodeWarsTestingUITests.xctest */,
			);
			name = Products;
			sourceTree = "<group>";
		};
		BE7BFCBA280061BA004CD3BA /* CodeWarsTesting */ = {
			isa = PBXGroup;
			children = (
				BEFCE5C72803D0C9000F19F4 /* CoreData */,
				BEFCE5D22804A07A000F19F4 /* Support */,
				BE7BFCBF280061BA004CD3BA /* CodeWarsTask.swift */,
				BE7BFCCC280061BC004CD3BA /* Info.plist */,
				BE350A692800690500BE9762 /* HomeViewController.swift */,
				BE350A6A2800690500BE9762 /* HomeViewController.xib */,
			);
			path = CodeWarsTesting;
			sourceTree = "<group>";
		};
		BE7BFCD4280061BD004CD3BA /* CodeWarsTestingTests */ = {
			isa = PBXGroup;
			children = (
				BE7BFCD5280061BD004CD3BA /* CodeWarsUnitTests.swift */,
				BEFCE5CA28048A9E000F19F4 /* CoreDataIntegrationTests.swift */,
				BEFCE5D32804A882000F19F4 /* CoreDataTestStack.swift */,
			);
			path = CodeWarsTestingTests;
			sourceTree = "<group>";
		};
		BE7BFCDE280061BD004CD3BA /* CodeWarsTestingUITests */ = {
			isa = PBXGroup;
			children = (
				BE7BFCDF280061BD004CD3BA /* CodeWarsTestingUITests.swift */,
				BE7BFCE1280061BD004CD3BA /* CodeWarsTestingUITestsLaunchTests.swift */,
			);
			path = CodeWarsTestingUITests;
			sourceTree = "<group>";
		};
		BEFCE5C72803D0C9000F19F4 /* CoreData */ = {
			isa = PBXGroup;
			children = (
				BE7BFCC4280061BA004CD3BA /* CodeWarsTesting.xcdatamodeld */,
				BEFCE5C12803C458000F19F4 /* Result+CoreDataClass.swift */,
				BEFCE5C22803C458000F19F4 /* Result+CoreDataProperties.swift */,
				BEFCE5C82803D10C000F19F4 /* ResultCoreDataManager.swift */,
				BEFCE5CC28048D74000F19F4 /* CoreDataMainManager.swift */,
			);
			path = CoreData;
			sourceTree = "<group>";
		};
		BEFCE5D22804A07A000F19F4 /* Support */ = {
			isa = PBXGroup;
			children = (
				BE7BFCC9280061BC004CD3BA /* LaunchScreen.storyboard */,
				BE7BFCC7280061BC004CD3BA /* Assets.xcassets */,
				BE7BFCBB280061BA004CD3BA /* AppDelegate.swift */,
			);
			path = Support;
			sourceTree = "<group>";
		};
/* End PBXGroup section */

/* Begin PBXNativeTarget section */
		BE7BFCB7280061BA004CD3BA /* CodeWarsTesting */ = {
			isa = PBXNativeTarget;
			buildConfigurationList = BE7BFCE5280061BD004CD3BA /* Build configuration list for PBXNativeTarget "CodeWarsTesting" */;
			buildPhases = (
				BE7BFCB4280061BA004CD3BA /* Sources */,
				BE7BFCB5280061BA004CD3BA /* Frameworks */,
				BE7BFCB6280061BA004CD3BA /* Resources */,
			);
			buildRules = (
			);
			dependencies = (
			);
			name = CodeWarsTesting;
			productName = CodeWarsTesting;
			productReference = BE7BFCB8280061BA004CD3BA /* CodeWarsTesting.app */;
			productType = "com.apple.product-type.application";
		};
		BE7BFCD0280061BD004CD3BA /* CodeWarsTestingTests */ = {
			isa = PBXNativeTarget;
			buildConfigurationList = BE7BFCE8280061BD004CD3BA /* Build configuration list for PBXNativeTarget "CodeWarsTestingTests" */;
			buildPhases = (
				BE7BFCCD280061BD004CD3BA /* Sources */,
				BE7BFCCE280061BD004CD3BA /* Frameworks */,
				BE7BFCCF280061BD004CD3BA /* Resources */,
			);
			buildRules = (
			);
			dependencies = (
				BE7BFCD3280061BD004CD3BA /* PBXTargetDependency */,
			);
			name = CodeWarsTestingTests;
			productName = CodeWarsTestingTests;
			productReference = BE7BFCD1280061BD004CD3BA /* CodeWarsTestingTests.xctest */;
			productType = "com.apple.product-type.bundle.unit-test";
		};
		BE7BFCDA280061BD004CD3BA /* CodeWarsTestingUITests */ = {
			isa = PBXNativeTarget;
			buildConfigurationList = BE7BFCEB280061BD004CD3BA /* Build configuration list for PBXNativeTarget "CodeWarsTestingUITests" */;
			buildPhases = (
				BE7BFCD7280061BD004CD3BA /* Sources */,
				BE7BFCD8280061BD004CD3BA /* Frameworks */,
				BE7BFCD9280061BD004CD3BA /* Resources */,
			);
			buildRules = (
			);
			dependencies = (
				BE7BFCDD280061BD004CD3BA /* PBXTargetDependency */,
			);
			name = CodeWarsTestingUITests;
			productName = CodeWarsTestingUITests;
			productReference = BE7BFCDB280061BD004CD3BA /* CodeWarsTestingUITests.xctest */;
			productType = "com.apple.product-type.bundle.ui-testing";
		};
/* End PBXNativeTarget section */

/* Begin PBXProject section */
		BE7BFCB0280061BA004CD3BA /* Project object */ = {
			isa = PBXProject;
			attributes = {
				BuildIndependentTargetsInParallel = 1;
				LastSwiftUpdateCheck = 1320;
				LastUpgradeCheck = 1320;
				TargetAttributes = {
					BE7BFCB7280061BA004CD3BA = {
						CreatedOnToolsVersion = 13.2.1;
					};
					BE7BFCD0280061BD004CD3BA = {
						CreatedOnToolsVersion = 13.2.1;
						TestTargetID = BE7BFCB7280061BA004CD3BA;
					};
					BE7BFCDA280061BD004CD3BA = {
						CreatedOnToolsVersion = 13.2.1;
						TestTargetID = BE7BFCB7280061BA004CD3BA;
					};
				};
			};
			buildConfigurationList = BE7BFCB3280061BA004CD3BA /* Build configuration list for PBXProject "CodeWarsTesting" */;
			compatibilityVersion = "Xcode 13.0";
			developmentRegion = en;
			hasScannedForEncodings = 0;
			knownRegions = (
				en,
				Base,
			);
			mainGroup = BE7BFCAF280061BA004CD3BA;
			productRefGroup = BE7BFCB9280061BA004CD3BA /* Products */;
			projectDirPath = "";
			projectRoot = "";
			targets = (
				BE7BFCB7280061BA004CD3BA /* CodeWarsTesting */,
				BE7BFCD0280061BD004CD3BA /* CodeWarsTestingTests */,
				BE7BFCDA280061BD004CD3BA /* CodeWarsTestingUITests */,
			);
		};
/* End PBXProject section */

/* Begin PBXResourcesBuildPhase section */
		BE7BFCB6280061BA004CD3BA /* Resources */ = {
			isa = PBXResourcesBuildPhase;
			buildActionMask = 2147483647;
			files = (
				BE7BFCCB280061BC004CD3BA /* LaunchScreen.storyboard in Resources */,
				BE7BFCC8280061BC004CD3BA /* Assets.xcassets in Resources */,
				BE350A6C2800690500BE9762 /* HomeViewController.xib in Resources */,
			);
			runOnlyForDeploymentPostprocessing = 0;
		};
		BE7BFCCF280061BD004CD3BA /* Resources */ = {
			isa = PBXResourcesBuildPhase;
			buildActionMask = 2147483647;
			files = (
			);
			runOnlyForDeploymentPostprocessing = 0;
		};
		BE7BFCD9280061BD004CD3BA /* Resources */ = {
			isa = PBXResourcesBuildPhase;
			buildActionMask = 2147483647;
			files = (
			);
			runOnlyForDeploymentPostprocessing = 0;
		};
/* End PBXResourcesBuildPhase section */

/* Begin PBXSourcesBuildPhase section */
		BE7BFCB4280061BA004CD3BA /* Sources */ = {
			isa = PBXSourcesBuildPhase;
			buildActionMask = 2147483647;
			files = (
				BEFCE5C92803D10C000F19F4 /* ResultCoreDataManager.swift in Sources */,
				BE7BFCC0280061BA004CD3BA /* CodeWarsTask.swift in Sources */,
				BEFCE5C32803C458000F19F4 /* Result+CoreDataClass.swift in Sources */,
				BEFCE5C42803C458000F19F4 /* Result+CoreDataProperties.swift in Sources */,
				BE7BFCBC280061BA004CD3BA /* AppDelegate.swift in Sources */,
				BE7BFCC6280061BA004CD3BA /* CodeWarsTesting.xcdatamodeld in Sources */,
				BE350A6B2800690500BE9762 /* HomeViewController.swift in Sources */,
				BEFCE5CD28048D74000F19F4 /* CoreDataMainManager.swift in Sources */,
			);
			runOnlyForDeploymentPostprocessing = 0;
		};
		BE7BFCCD280061BD004CD3BA /* Sources */ = {
			isa = PBXSourcesBuildPhase;
			buildActionMask = 2147483647;
			files = (
				BE7BFCD6280061BD004CD3BA /* CodeWarsUnitTests.swift in Sources */,
				BEFCE5D42804A882000F19F4 /* CoreDataTestStack.swift in Sources */,
				BEFCE5CB28048A9E000F19F4 /* CoreDataIntegrationTests.swift in Sources */,
			);
			runOnlyForDeploymentPostprocessing = 0;
		};
		BE7BFCD7280061BD004CD3BA /* Sources */ = {
			isa = PBXSourcesBuildPhase;
			buildActionMask = 2147483647;
			files = (
				BE7BFCE0280061BD004CD3BA /* CodeWarsTestingUITests.swift in Sources */,
				BE7BFCE2280061BD004CD3BA /* CodeWarsTestingUITestsLaunchTests.swift in Sources */,
			);
			runOnlyForDeploymentPostprocessing = 0;
		};
/* End PBXSourcesBuildPhase section */

/* Begin PBXTargetDependency section */
		BE7BFCD3280061BD004CD3BA /* PBXTargetDependency */ = {
			isa = PBXTargetDependency;
			target = BE7BFCB7280061BA004CD3BA /* CodeWarsTesting */;
			targetProxy = BE7BFCD2280061BD004CD3BA /* PBXContainerItemProxy */;
		};
		BE7BFCDD280061BD004CD3BA /* PBXTargetDependency */ = {
			isa = PBXTargetDependency;
			target = BE7BFCB7280061BA004CD3BA /* CodeWarsTesting */;
			targetProxy = BE7BFCDC280061BD004CD3BA /* PBXContainerItemProxy */;
		};
/* End PBXTargetDependency section */

/* Begin PBXVariantGroup section */
		BE7BFCC9280061BC004CD3BA /* LaunchScreen.storyboard */ = {
			isa = PBXVariantGroup;
			children = (
				BE7BFCCA280061BC004CD3BA /* Base */,
			);
			name = LaunchScreen.storyboard;
			sourceTree = "<group>";
		};
/* End PBXVariantGroup section */

/* Begin XCBuildConfiguration section */
		BE7BFCE3280061BD004CD3BA /* Debug */ = {
			isa = XCBuildConfiguration;
			buildSettings = {
				ALWAYS_SEARCH_USER_PATHS = NO;
				CLANG_ANALYZER_NONNULL = YES;
				CLANG_ANALYZER_NUMBER_OBJECT_CONVERSION = YES_AGGRESSIVE;
				CLANG_CXX_LANGUAGE_STANDARD = "gnu++17";
				CLANG_CXX_LIBRARY = "libc++";
				CLANG_ENABLE_MODULES = YES;
				CLANG_ENABLE_OBJC_ARC = YES;
				CLANG_ENABLE_OBJC_WEAK = YES;
				CLANG_WARN_BLOCK_CAPTURE_AUTORELEASING = YES;
				CLANG_WARN_BOOL_CONVERSION = YES;
				CLANG_WARN_COMMA = YES;
				CLANG_WARN_CONSTANT_CONVERSION = YES;
				CLANG_WARN_DEPRECATED_OBJC_IMPLEMENTATIONS = YES;
				CLANG_WARN_DIRECT_OBJC_ISA_USAGE = YES_ERROR;
				CLANG_WARN_DOCUMENTATION_COMMENTS = YES;
				CLANG_WARN_EMPTY_BODY = YES;
				CLANG_WARN_ENUM_CONVERSION = YES;
				CLANG_WARN_INFINITE_RECURSION = YES;
				CLANG_WARN_INT_CONVERSION = YES;
				CLANG_WARN_NON_LITERAL_NULL_CONVERSION = YES;
				CLANG_WARN_OBJC_IMPLICIT_RETAIN_SELF = YES;
				CLANG_WARN_OBJC_LITERAL_CONVERSION = YES;
				CLANG_WARN_OBJC_ROOT_CLASS = YES_ERROR;
				CLANG_WARN_QUOTED_INCLUDE_IN_FRAMEWORK_HEADER = YES;
				CLANG_WARN_RANGE_LOOP_ANALYSIS = YES;
				CLANG_WARN_STRICT_PROTOTYPES = YES;
				CLANG_WARN_SUSPICIOUS_MOVE = YES;
				CLANG_WARN_UNGUARDED_AVAILABILITY = YES_AGGRESSIVE;
				CLANG_WARN_UNREACHABLE_CODE = YES;
				CLANG_WARN__DUPLICATE_METHOD_MATCH = YES;
				COPY_PHASE_STRIP = NO;
				DEBUG_INFORMATION_FORMAT = dwarf;
				ENABLE_STRICT_OBJC_MSGSEND = YES;
				ENABLE_TESTABILITY = YES;
				GCC_C_LANGUAGE_STANDARD = gnu11;
				GCC_DYNAMIC_NO_PIC = NO;
				GCC_NO_COMMON_BLOCKS = YES;
				GCC_OPTIMIZATION_LEVEL = 0;
				GCC_PREPROCESSOR_DEFINITIONS = (
					"DEBUG=1",
					"$(inherited)",
				);
				GCC_WARN_64_TO_32_BIT_CONVERSION = YES;
				GCC_WARN_ABOUT_RETURN_TYPE = YES_ERROR;
				GCC_WARN_UNDECLARED_SELECTOR = YES;
				GCC_WARN_UNINITIALIZED_AUTOS = YES_AGGRESSIVE;
				GCC_WARN_UNUSED_FUNCTION = YES;
				GCC_WARN_UNUSED_VARIABLE = YES;
				IPHONEOS_DEPLOYMENT_TARGET = 15.2;
				MTL_ENABLE_DEBUG_INFO = INCLUDE_SOURCE;
				MTL_FAST_MATH = YES;
				ONLY_ACTIVE_ARCH = YES;
				SDKROOT = iphoneos;
				SWIFT_ACTIVE_COMPILATION_CONDITIONS = DEBUG;
				SWIFT_OPTIMIZATION_LEVEL = "-Onone";
			};
			name = Debug;
		};
		BE7BFCE4280061BD004CD3BA /* Release */ = {
			isa = XCBuildConfiguration;
			buildSettings = {
				ALWAYS_SEARCH_USER_PATHS = NO;
				CLANG_ANALYZER_NONNULL = YES;
				CLANG_ANALYZER_NUMBER_OBJECT_CONVERSION = YES_AGGRESSIVE;
				CLANG_CXX_LANGUAGE_STANDARD = "gnu++17";
				CLANG_CXX_LIBRARY = "libc++";
				CLANG_ENABLE_MODULES = YES;
				CLANG_ENABLE_OBJC_ARC = YES;
				CLANG_ENABLE_OBJC_WEAK = YES;
				CLANG_WARN_BLOCK_CAPTURE_AUTORELEASING = YES;
				CLANG_WARN_BOOL_CONVERSION = YES;
				CLANG_WARN_COMMA = YES;
				CLANG_WARN_CONSTANT_CONVERSION = YES;
				CLANG_WARN_DEPRECATED_OBJC_IMPLEMENTATIONS = YES;
				CLANG_WARN_DIRECT_OBJC_ISA_USAGE = YES_ERROR;
				CLANG_WARN_DOCUMENTATION_COMMENTS = YES;
				CLANG_WARN_EMPTY_BODY = YES;
				CLANG_WARN_ENUM_CONVERSION = YES;
				CLANG_WARN_INFINITE_RECURSION = YES;
				CLANG_WARN_INT_CONVERSION = YES;
				CLANG_WARN_NON_LITERAL_NULL_CONVERSION = YES;
				CLANG_WARN_OBJC_IMPLICIT_RETAIN_SELF = YES;
				CLANG_WARN_OBJC_LITERAL_CONVERSION = YES;
				CLANG_WARN_OBJC_ROOT_CLASS = YES_ERROR;
				CLANG_WARN_QUOTED_INCLUDE_IN_FRAMEWORK_HEADER = YES;
				CLANG_WARN_RANGE_LOOP_ANALYSIS = YES;
				CLANG_WARN_STRICT_PROTOTYPES = YES;
				CLANG_WARN_SUSPICIOUS_MOVE = YES;
				CLANG_WARN_UNGUARDED_AVAILABILITY = YES_AGGRESSIVE;
				CLANG_WARN_UNREACHABLE_CODE = YES;
				CLANG_WARN__DUPLICATE_METHOD_MATCH = YES;
				COPY_PHASE_STRIP = NO;
				DEBUG_INFORMATION_FORMAT = "dwarf-with-dsym";
				ENABLE_NS_ASSERTIONS = NO;
				ENABLE_STRICT_OBJC_MSGSEND = YES;
				GCC_C_LANGUAGE_STANDARD = gnu11;
				GCC_NO_COMMON_BLOCKS = YES;
				GCC_WARN_64_TO_32_BIT_CONVERSION = YES;
				GCC_WARN_ABOUT_RETURN_TYPE = YES_ERROR;
				GCC_WARN_UNDECLARED_SELECTOR = YES;
				GCC_WARN_UNINITIALIZED_AUTOS = YES_AGGRESSIVE;
				GCC_WARN_UNUSED_FUNCTION = YES;
				GCC_WARN_UNUSED_VARIABLE = YES;
				IPHONEOS_DEPLOYMENT_TARGET = 15.2;
				MTL_ENABLE_DEBUG_INFO = NO;
				MTL_FAST_MATH = YES;
				SDKROOT = iphoneos;
				SWIFT_COMPILATION_MODE = wholemodule;
				SWIFT_OPTIMIZATION_LEVEL = "-O";
				VALIDATE_PRODUCT = YES;
			};
			name = Release;
		};
		BE7BFCE6280061BD004CD3BA /* Debug */ = {
			isa = XCBuildConfiguration;
			buildSettings = {
				ASSETCATALOG_COMPILER_APPICON_NAME = AppIcon;
				ASSETCATALOG_COMPILER_GLOBAL_ACCENT_COLOR_NAME = AccentColor;
				CODE_SIGN_STYLE = Automatic;
				CURRENT_PROJECT_VERSION = 1;
				DEVELOPMENT_TEAM = R5CRVUNLL9;
				GENERATE_INFOPLIST_FILE = YES;
				INFOPLIST_FILE = CodeWarsTesting/Info.plist;
				INFOPLIST_KEY_UIApplicationSupportsIndirectInputEvents = YES;
				INFOPLIST_KEY_UILaunchStoryboardName = LaunchScreen;
				INFOPLIST_KEY_UISupportedInterfaceOrientations_iPad = "UIInterfaceOrientationPortrait UIInterfaceOrientationPortraitUpsideDown UIInterfaceOrientationLandscapeLeft UIInterfaceOrientationLandscapeRight";
				INFOPLIST_KEY_UISupportedInterfaceOrientations_iPhone = "UIInterfaceOrientationPortrait UIInterfaceOrientationLandscapeLeft UIInterfaceOrientationLandscapeRight";
				LD_RUNPATH_SEARCH_PATHS = (
					"$(inherited)",
					"@executable_path/Frameworks",
				);
				MARKETING_VERSION = 1.0;
				PRODUCT_BUNDLE_IDENTIFIER = team1.CodeWarsTesting;
				PRODUCT_NAME = "$(TARGET_NAME)";
				SWIFT_EMIT_LOC_STRINGS = YES;
				SWIFT_VERSION = 5.0;
				TARGETED_DEVICE_FAMILY = "1,2";
			};
			name = Debug;
		};
		BE7BFCE7280061BD004CD3BA /* Release */ = {
			isa = XCBuildConfiguration;
			buildSettings = {
				ASSETCATALOG_COMPILER_APPICON_NAME = AppIcon;
				ASSETCATALOG_COMPILER_GLOBAL_ACCENT_COLOR_NAME = AccentColor;
				CODE_SIGN_STYLE = Automatic;
				CURRENT_PROJECT_VERSION = 1;
				DEVELOPMENT_TEAM = R5CRVUNLL9;
				GENERATE_INFOPLIST_FILE = YES;
				INFOPLIST_FILE = CodeWarsTesting/Info.plist;
				INFOPLIST_KEY_UIApplicationSupportsIndirectInputEvents = YES;
				INFOPLIST_KEY_UILaunchStoryboardName = LaunchScreen;
				INFOPLIST_KEY_UISupportedInterfaceOrientations_iPad = "UIInterfaceOrientationPortrait UIInterfaceOrientationPortraitUpsideDown UIInterfaceOrientationLandscapeLeft UIInterfaceOrientationLandscapeRight";
				INFOPLIST_KEY_UISupportedInterfaceOrientations_iPhone = "UIInterfaceOrientationPortrait UIInterfaceOrientationLandscapeLeft UIInterfaceOrientationLandscapeRight";
				LD_RUNPATH_SEARCH_PATHS = (
					"$(inherited)",
					"@executable_path/Frameworks",
				);
				MARKETING_VERSION = 1.0;
				PRODUCT_BUNDLE_IDENTIFIER = team1.CodeWarsTesting;
				PRODUCT_NAME = "$(TARGET_NAME)";
				SWIFT_EMIT_LOC_STRINGS = YES;
				SWIFT_VERSION = 5.0;
				TARGETED_DEVICE_FAMILY = "1,2";
			};
			name = Release;
		};
		BE7BFCE9280061BD004CD3BA /* Debug */ = {
			isa = XCBuildConfiguration;
			buildSettings = {
				ALWAYS_EMBED_SWIFT_STANDARD_LIBRARIES = YES;
				BUNDLE_LOADER = "$(TEST_HOST)";
				CODE_SIGN_STYLE = Automatic;
				CURRENT_PROJECT_VERSION = 1;
				DEVELOPMENT_TEAM = R5CRVUNLL9;
				GENERATE_INFOPLIST_FILE = YES;
				IPHONEOS_DEPLOYMENT_TARGET = 15.2;
				MARKETING_VERSION = 1.0;
				PRODUCT_BUNDLE_IDENTIFIER = team1.CodeWarsTestingTests;
				PRODUCT_NAME = "$(TARGET_NAME)";
				SWIFT_EMIT_LOC_STRINGS = NO;
				SWIFT_VERSION = 5.0;
				TARGETED_DEVICE_FAMILY = "1,2";
				TEST_HOST = "$(BUILT_PRODUCTS_DIR)/CodeWarsTesting.app/CodeWarsTesting";
			};
			name = Debug;
		};
		BE7BFCEA280061BD004CD3BA /* Release */ = {
			isa = XCBuildConfiguration;
			buildSettings = {
				ALWAYS_EMBED_SWIFT_STANDARD_LIBRARIES = YES;
				BUNDLE_LOADER = "$(TEST_HOST)";
				CODE_SIGN_STYLE = Automatic;
				CURRENT_PROJECT_VERSION = 1;
				DEVELOPMENT_TEAM = R5CRVUNLL9;
				GENERATE_INFOPLIST_FILE = YES;
				IPHONEOS_DEPLOYMENT_TARGET = 15.2;
				MARKETING_VERSION = 1.0;
				PRODUCT_BUNDLE_IDENTIFIER = team1.CodeWarsTestingTests;
				PRODUCT_NAME = "$(TARGET_NAME)";
				SWIFT_EMIT_LOC_STRINGS = NO;
				SWIFT_VERSION = 5.0;
				TARGETED_DEVICE_FAMILY = "1,2";
				TEST_HOST = "$(BUILT_PRODUCTS_DIR)/CodeWarsTesting.app/CodeWarsTesting";
			};
			name = Release;
		};
		BE7BFCEC280061BD004CD3BA /* Debug */ = {
			isa = XCBuildConfiguration;
			buildSettings = {
				ALWAYS_EMBED_SWIFT_STANDARD_LIBRARIES = YES;
				CODE_SIGN_STYLE = Automatic;
				CURRENT_PROJECT_VERSION = 1;
				DEVELOPMENT_TEAM = R5CRVUNLL9;
				GENERATE_INFOPLIST_FILE = YES;
				MARKETING_VERSION = 1.0;
				PRODUCT_BUNDLE_IDENTIFIER = team1.CodeWarsTestingUITests;
				PRODUCT_NAME = "$(TARGET_NAME)";
				SWIFT_EMIT_LOC_STRINGS = NO;
				SWIFT_VERSION = 5.0;
				TARGETED_DEVICE_FAMILY = "1,2";
				TEST_TARGET_NAME = CodeWarsTesting;
			};
			name = Debug;
		};
		BE7BFCED280061BD004CD3BA /* Release */ = {
			isa = XCBuildConfiguration;
			buildSettings = {
				ALWAYS_EMBED_SWIFT_STANDARD_LIBRARIES = YES;
				CODE_SIGN_STYLE = Automatic;
				CURRENT_PROJECT_VERSION = 1;
				DEVELOPMENT_TEAM = R5CRVUNLL9;
				GENERATE_INFOPLIST_FILE = YES;
				MARKETING_VERSION = 1.0;
				PRODUCT_BUNDLE_IDENTIFIER = team1.CodeWarsTestingUITests;
				PRODUCT_NAME = "$(TARGET_NAME)";
				SWIFT_EMIT_LOC_STRINGS = NO;
				SWIFT_VERSION = 5.0;
				TARGETED_DEVICE_FAMILY = "1,2";
				TEST_TARGET_NAME = CodeWarsTesting;
			};
			name = Release;
		};
/* End XCBuildConfiguration section */

/* Begin XCConfigurationList section */
		BE7BFCB3280061BA004CD3BA /* Build configuration list for PBXProject "CodeWarsTesting" */ = {
			isa = XCConfigurationList;
			buildConfigurations = (
				BE7BFCE3280061BD004CD3BA /* Debug */,
				BE7BFCE4280061BD004CD3BA /* Release */,
			);
			defaultConfigurationIsVisible = 0;
			defaultConfigurationName = Release;
		};
		BE7BFCE5280061BD004CD3BA /* Build configuration list for PBXNativeTarget "CodeWarsTesting" */ = {
			isa = XCConfigurationList;
			buildConfigurations = (
				BE7BFCE6280061BD004CD3BA /* Debug */,
				BE7BFCE7280061BD004CD3BA /* Release */,
			);
			defaultConfigurationIsVisible = 0;
			defaultConfigurationName = Release;
		};
		BE7BFCE8280061BD004CD3BA /* Build configuration list for PBXNativeTarget "CodeWarsTestingTests" */ = {
			isa = XCConfigurationList;
			buildConfigurations = (
				BE7BFCE9280061BD004CD3BA /* Debug */,
				BE7BFCEA280061BD004CD3BA /* Release */,
			);
			defaultConfigurationIsVisible = 0;
			defaultConfigurationName = Release;
		};
		BE7BFCEB280061BD004CD3BA /* Build configuration list for PBXNativeTarget "CodeWarsTestingUITests" */ = {
			isa = XCConfigurationList;
			buildConfigurations = (
				BE7BFCEC280061BD004CD3BA /* Debug */,
				BE7BFCED280061BD004CD3BA /* Release */,
			);
			defaultConfigurationIsVisible = 0;
			defaultConfigurationName = Release;
		};
/* End XCConfigurationList section */

/* Begin XCVersionGroup section */
		BE7BFCC4280061BA004CD3BA /* CodeWarsTesting.xcdatamodeld */ = {
			isa = XCVersionGroup;
			children = (
				BE7BFCC5280061BA004CD3BA /* CodeWarsTesting.xcdatamodel */,
			);
			currentVersion = BE7BFCC5280061BA004CD3BA /* CodeWarsTesting.xcdatamodel */;
			path = CodeWarsTesting.xcdatamodeld;
			sourceTree = "<group>";
			versionGroupType = wrapper.xcdatamodel;
		};
/* End XCVersionGroup section */
	};
	rootObject = BE7BFCB0280061BA004CD3BA /* Project object */;
}
